
Microsoft Visual Studio Solution File, Format Version 12.00
# Visual Studio Version 17
VisualStudioVersion = 17.14.36109.1 d17.14
MinimumVisualStudioVersion = 10.0.40219.1
Project("{8BC9CEB8-8B4A-11D0-8D11-00A0C91BC942}") = "dik üçgen", "dik üçgen\dik üçgen.vcxproj", "{61D495F5-B721-4063-8927-A42F1F4EDFFD}"
EndProject
Global
	GlobalSection(SolutionConfigurationPlatforms) = preSolution
		Debug|x64 = Debug|x64
		Debug|x86 = Debug|x86
		Release|x64 = Release|x64
		Release|x86 = Release|x86
	EndGlobalSection
	GlobalSection(ProjectConfigurationPlatforms) = postSolution
		{61D495F5-B721-4063-8927-A42F1F4EDFFD}.Debug|x64.ActiveCfg = Debug|x64
		{61D495F5-B721-4063-8927-A42F1F4EDFFD}.Debug|x64.Build.0 = Debug|x64
		{61D495F5-B721-4063-8927-A42F1F4EDFFD}.Debug|x86.ActiveCfg = Debug|Win32
		{61D495F5-B721-4063-8927-A42F1F4EDFFD}.Debug|x86.Build.0 = Debug|Win32
		{61D495F5-B721-4063-8927-A42F1F4EDFFD}.Release|x64.ActiveCfg = Release|x64
		{61D495F5-B721-4063-8927-A42F1F4EDFFD}.Release|x64.Build.0 = Release|x64
		{61D495F5-B721-4063-8927-A42F1F4EDFFD}.Release|x86.ActiveCfg = Release|Win32
		{61D495F5-B721-4063-8927-A42F1F4EDFFD}.Release|x86.Build.0 = Release|Win32
	EndGlobalSection
	GlobalSection(SolutionProperties) = preSolution
		HideSolutionNode = FALSE
	EndGlobalSection
	GlobalSection(ExtensibilityGlobals) = postSolution
		SolutionGuid = {407A39D8-66C9-44A5-AC22-C7070D8C6313}
	EndGlobalSection
EndGlobal
